
Microsoft Visual Studio Solution File, Format Version 12.00
# Visual Studio Version 17
VisualStudioVersion = 17.11.35208.52
MinimumVisualStudioVersion = 10.0.40219.1
Project("{FAE04EC0-301F-11D3-BF4B-00C04F79EFBC}") = "Week4Practical", "Week4Practical\Week4Practical.csproj", "{7DDBB350-E8EB-4535-9AE2-50E5A115BECF}"
EndProject
Global
	GlobalSection(SolutionConfigurationPlatforms) = preSolution
		Debug|Any CPU = Debug|Any CPU
		Release|Any CPU = Release|Any CPU
	EndGlobalSection
	GlobalSection(ProjectConfigurationPlatforms) = postSolution
		{7DDBB350-E8EB-4535-9AE2-50E5A115BECF}.Debug|Any CPU.ActiveCfg = Debug|Any CPU
		{7DDBB350-E8EB-4535-9AE2-50E5A115BECF}.Debug|Any CPU.Build.0 = Debug|Any CPU
		{7DDBB350-E8EB-4535-9AE2-50E5A115BECF}.Release|Any CPU.ActiveCfg = Release|Any CPU
		{7DDBB350-E8EB-4535-9AE2-50E5A115BECF}.Release|Any CPU.Build.0 = Release|Any CPU
	EndGlobalSection
	GlobalSection(SolutionProperties) = preSolution
		HideSolutionNode = FALSE
	EndGlobalSection
	GlobalSection(ExtensibilityGlobals) = postSolution
		SolutionGuid = {404F1CDC-F757-4518-9307-03728FE41B17}
	EndGlobalSection
EndGlobal
